{
  "name": "lalamove-hubspot-theme",
  "version": "1.0.0",
  "lockfileVersion": 3,
  "requires": true,
  "packages": {
    "": {
      "name": "lalamove-hubspot-theme",
      "version": "1.0.0",
      "license": "ISC",
      "dependencies": {
        "@hubspot/prettier-plugin-hubl": "^0.2.5"
      },
      "devDependencies": {
        "prettier-plugin-hubl": "^0.0.1"
      }
    },
    "node_modules/@hubspot/prettier-plugin-hubl": {
      "version": "0.2.5",
      "resolved": "https://registry.npmjs.org/@hubspot/prettier-plugin-hubl/-/prettier-plugin-hubl-0.2.5.tgz",
      "integrity": "sha512-V+IPNNqma/N/FuGoDwe7ONqc+NkQ3yaNMZ0FH4Ebn23bNZqoM5OuerEXyNz+dUlMQa+jHmFC2ORHrZmGD7+AUg==",
      "license": "Apache-2.0",
      "engines": {
        "node": ">=12"
      },
      "peerDependencies": {
        "prettier": "2.x"
      }
    },
    "node_modules/prettier": {
      "version": "2.8.8",
      "resolved": "https://registry.npmjs.org/prettier/-/prettier-2.8.8.tgz",
      "integrity": "sha512-tdN8qQGvNjw4CHbY+XXk0JgCXn9QiF21a55rBe5LJAU+kDyC4WQn4+awm2Xfk2lQMk5fKup9XgzTZtGkjBdP9Q==",
      "peer": true,
      "bin": {
        "prettier": "bin-prettier.js"
      },
      "engines": {
        "node": ">=10.13.0"
      },
      "funding": {
        "url": "https://github.com/prettier/prettier?sponsor=1"
      }
    },
    "node_modules/prettier-plugin-hubl": {
      "version": "0.0.1",
      "resolved": "https://registry.npmjs.org/prettier-plugin-hubl/-/prettier-plugin-hubl-0.0.1.tgz",
      "integrity": "sha512-OZDu8AbYpyjD+7Pwi6Cb3OpdlkHt+VJMxMoSwkYWkgqREPlYkeNdwEY7IXI54Gkmg12+0fMATM8A4EfGzarf9w==",
      "dev": true,
      "license": "ISC"
    }
  }
}
